
Microsoft Visual Studio Solution File, Format Version 12.00
Project("{FAE04EC0-301F-11D3-BF4B-00C04F79EFBC}") = "TextureTools", "TextureTools\TextureTools.csproj", "{4FC6402A-6037-41DD-B8F3-17F48EA35D17}"
EndProject
Project("{FAE04EC0-301F-11D3-BF4B-00C04F79EFBC}") = "TextureTools.Test", "TextureTools.Test\TextureTools.Test.csproj", "{0D05F109-4658-4124-90E7-75FCC4E2B83D}"
EndProject
Global
	GlobalSection(SolutionConfigurationPlatforms) = preSolution
		Debug|Any CPU = Debug|Any CPU
		Release|Any CPU = Release|Any CPU
	EndGlobalSection
	GlobalSection(ProjectConfigurationPlatforms) = postSolution
		{4FC6402A-6037-41DD-B8F3-17F48EA35D17}.Debug|Any CPU.ActiveCfg = Debug|Any CPU
		{4FC6402A-6037-41DD-B8F3-17F48EA35D17}.Debug|Any CPU.Build.0 = Debug|Any CPU
		{4FC6402A-6037-41DD-B8F3-17F48EA35D17}.Release|Any CPU.ActiveCfg = Release|Any CPU
		{4FC6402A-6037-41DD-B8F3-17F48EA35D17}.Release|Any CPU.Build.0 = Release|Any CPU
		{0D05F109-4658-4124-90E7-75FCC4E2B83D}.Debug|Any CPU.ActiveCfg = Debug|Any CPU
		{0D05F109-4658-4124-90E7-75FCC4E2B83D}.Debug|Any CPU.Build.0 = Debug|Any CPU
		{0D05F109-4658-4124-90E7-75FCC4E2B83D}.Release|Any CPU.ActiveCfg = Release|Any CPU
		{0D05F109-4658-4124-90E7-75FCC4E2B83D}.Release|Any CPU.Build.0 = Release|Any CPU
	EndGlobalSection
EndGlobal
